
Microsoft Visual Studio Solution File, Format Version 12.00
# Visual Studio 15
VisualStudioVersion = 15.0.28307.757
MinimumVisualStudioVersion = 10.0.40219.1
Project("{FAE04EC0-301F-11D3-BF4B-00C04F79EFBC}") = "Senai.Cleveland.WebApi", "Senai.Cleveland.WebApi\Senai.Cleveland.WebApi.csproj", "{304ED8E6-C27F-4DC8-980B-501313D006DA}"
EndProject
Global
	GlobalSection(SolutionConfigurationPlatforms) = preSolution
		Debug|Any CPU = Debug|Any CPU
		Release|Any CPU = Release|Any CPU
	EndGlobalSection
	GlobalSection(ProjectConfigurationPlatforms) = postSolution
		{304ED8E6-C27F-4DC8-980B-501313D006DA}.Debug|Any CPU.ActiveCfg = Debug|Any CPU
		{304ED8E6-C27F-4DC8-980B-501313D006DA}.Debug|Any CPU.Build.0 = Debug|Any CPU
		{304ED8E6-C27F-4DC8-980B-501313D006DA}.Release|Any CPU.ActiveCfg = Release|Any CPU
		{304ED8E6-C27F-4DC8-980B-501313D006DA}.Release|Any CPU.Build.0 = Release|Any CPU
	EndGlobalSection
	GlobalSection(SolutionProperties) = preSolution
		HideSolutionNode = FALSE
	EndGlobalSection
	GlobalSection(ExtensibilityGlobals) = postSolution
		SolutionGuid = {DAE07317-21AA-4004-BF90-C5A8AFDA04B8}
	EndGlobalSection
EndGlobal
